
Microsoft Visual Studio Solution File, Format Version 12.00
# Visual Studio Version 16
VisualStudioVersion = 16.0.33027.164
MinimumVisualStudioVersion = 10.0.40219.1
Project("{FAE04EC0-301F-11D3-BF4B-00C04F79EFBC}") = "Aforge - SpeechLib - Zxing Kutuphanesi Ornekleri", "Aforge Kutuphanesi Ornekleri\Aforge - SpeechLib - Zxing Kutuphanesi Ornekleri.csproj", "{0734764B-FA32-4CDA-B5D6-B31B4969F9E1}"
EndProject
Global
	GlobalSection(SolutionConfigurationPlatforms) = preSolution
		Debug|Any CPU = Debug|Any CPU
		Release|Any CPU = Release|Any CPU
	EndGlobalSection
	GlobalSection(ProjectConfigurationPlatforms) = postSolution
		{0734764B-FA32-4CDA-B5D6-B31B4969F9E1}.Debug|Any CPU.ActiveCfg = Debug|Any CPU
		{0734764B-FA32-4CDA-B5D6-B31B4969F9E1}.Debug|Any CPU.Build.0 = Debug|Any CPU
		{0734764B-FA32-4CDA-B5D6-B31B4969F9E1}.Release|Any CPU.ActiveCfg = Release|Any CPU
		{0734764B-FA32-4CDA-B5D6-B31B4969F9E1}.Release|Any CPU.Build.0 = Release|Any CPU
	EndGlobalSection
	GlobalSection(SolutionProperties) = preSolution
		HideSolutionNode = FALSE
	EndGlobalSection
	GlobalSection(ExtensibilityGlobals) = postSolution
		SolutionGuid = {2B0D051D-4E44-4B19-B13F-2AA17703C3D3}
	EndGlobalSection
EndGlobal
